#MicroXplorer Configuration settings - do not modify
Mcu.Family=STM32F4
ProjectManager.MainLocation=Core/Src
PH0-OSC_IN.Locked=true
Dma.ADC3.0.FIFOMode=DMA_FIFOMODE_DISABLE
VP_TIM10_VS_ClockSourceINT.Signal=TIM10_VS_ClockSourceINT
PH0-OSC_IN.Signal=RCC_OSC_IN
Dma.ADC3.0.Priority=DMA_PRIORITY_LOW
USART2.IPParameters=VirtualMode
RCC.CortexFreq_Value=160000000
TIM2.Channel-Input_Capture1_from_TI1=TIM_CHANNEL_1
ProjectManager.KeepUserCode=true
Mcu.UserName=STM32F407VGTx
PC10.Locked=true
RCC.PLLCLKFreq_Value=160000000
PC10.Signal=GPIO_Output
RCC.PLLQCLKFreq_Value=80000000
PC7.Locked=true
ProjectManager.functionlistsort=1-MX_GPIO_Init-GPIO-false-HAL-true,2-MX_DMA_Init-DMA-false-HAL-true,3-SystemClock_Config-RCC-false-HAL-false,4-MX_TIM10_Init-TIM10-false-HAL-true,5-MX_USART2_UART_Init-USART2-false-HAL-true,6-MX_DAC_Init-DAC-false-HAL-true,7-MX_ADC3_Init-ADC3-false-HAL-true,8-MX_TIM2_Init-TIM2-false-HAL-true
RCC.RTCFreq_Value=32000
PC9.Locked=true
PD6.Locked=true
PD0.Locked=true
PinOutPanel.RotationAngle=0
PE5.GPIOParameters=GPIO_Label
ADC3.Rank-2\#ChannelRegularConversion=1
RCC.SYSCLKSource=RCC_SYSCLKSOURCE_PLLCLK
ProjectManager.StackSize=0x400
Mcu.IP4=RCC
RCC.FCLKCortexFreq_Value=160000000
Mcu.IP5=SYS
Mcu.IP2=DMA
NVIC.SVCall_IRQn=true\:0\:0\:false\:false\:true\:false\:false
Mcu.IP3=NVIC
Mcu.IP0=ADC3
Mcu.IP1=DAC
PE4.GPIOParameters=GPIO_Label
Mcu.UserConstants=
TIM2.ICPolarity_CH1=TIM_INPUTCHANNELPOLARITY_FALLING
Mcu.ThirdPartyNb=0
RCC.HCLKFreq_Value=160000000
Mcu.IPNb=9
RCC.I2SClocksFreq_Value=192000000
TIM2.IPParameters=Prescaler,Period,Channel-Input_Capture1_from_TI1,Channel-Input_Capture2_from_TI1,ICPolarity_CH1,TIM_MasterSlaveMode,TIM_MasterOutputTrigger
ProjectManager.PreviousToolchain=
RCC.APB2TimFreq_Value=160000000
VP_TIM10_VS_ClockSourceINT.Mode=Enable_Timer
Dma.ADC3.0.Direction=DMA_PERIPH_TO_MEMORY
RCC.VcooutputI2S=192000000
PC7.Signal=GPIO_Output
Mcu.Pin6=PA4
PD0.Signal=GPIO_Output
ADC3.ScanConvMode=ENABLE
Mcu.Pin7=PD15
VP_TIM2_VS_ClockSourceINT.Signal=TIM2_VS_ClockSourceINT
NVIC.DMA2_Stream0_IRQn=true\:0\:0\:false\:false\:true\:false\:true
PE5.Signal=GPIO_Input
Mcu.Pin8=PC7
Mcu.Pin9=PC8
Dma.ADC3.0.MemDataAlignment=DMA_MDATAALIGN_HALFWORD
RCC.AHBFreq_Value=160000000
PH0-OSC_IN.Mode=HSE-External-Oscillator
Mcu.Pin0=PE4
Mcu.Pin1=PE5
PD5.Mode=Asynchronous
GPIO.groupedBy=Group By Peripherals
Mcu.Pin2=PH0-OSC_IN
Mcu.Pin3=PH1-OSC_OUT
Mcu.Pin4=PC1
Mcu.Pin5=PA0-WKUP
ProjectManager.ProjectBuild=false
RCC.HSE_VALUE=25000000
NVIC.UsageFault_IRQn=true\:0\:0\:false\:false\:true\:false\:false
NVIC.DebugMonitor_IRQn=true\:0\:0\:false\:false\:true\:false\:false
PA8.Locked=true
ADC3.SamplingTime-2\#ChannelRegularConversion=ADC_SAMPLETIME_480CYCLES
NVIC.SysTick_IRQn=true\:0\:0\:false\:false\:true\:false\:true
Dma.ADC3.0.PeriphInc=DMA_PINC_DISABLE
ProjectManager.FirmwarePackage=STM32Cube FW_F4 V1.26.2
MxDb.Version=DB.6.0.21
ProjectManager.BackupPrevious=false
DAC.DAC_Trigger=DAC_TRIGGER_NONE
RCC.VCOInputFreq_Value=2000000
PA14.Mode=Serial_Wire
ADC3.ContinuousConvMode=ENABLE
NVIC.TIM2_IRQn=true\:0\:0\:false\:false\:true\:true\:true
File.Version=6
PE4.GPIO_Label=rec_right
PH1-OSC_OUT.Locked=true
ADC3.IPParameters=Rank-2\#ChannelRegularConversion,Channel-2\#ChannelRegularConversion,SamplingTime-2\#ChannelRegularConversion,NbrOfConversionFlag,ClockPrescaler,ScanConvMode,ContinuousConvMode,DMAContinuousRequests
SH.ADCx_IN11.ConfNb=1
Dma.ADC3.0.MemInc=DMA_MINC_ENABLE
PA8.Signal=GPIO_Output
NVIC.PendSV_IRQn=true\:0\:0\:false\:false\:true\:false\:false
ADC3.Channel-2\#ChannelRegularConversion=ADC_CHANNEL_11
PE4.Signal=GPIO_Input
DAC.IPParameters=DAC_Trigger
Dma.RequestsNb=1
ProjectManager.HalAssertFull=false
ProjectManager.ProjectName=robot
PH1-OSC_OUT.Mode=HSE-External-Oscillator
RCC.MCO2PinFreq_Value=160000000
Mcu.Package=LQFP100
TIM2.Prescaler=79
TIM2.Channel-Input_Capture2_from_TI1=TIM_CHANNEL_2
USART2.VirtualMode=VM_ASYNC
SH.COMP_DAC1_group.ConfNb=1
ProjectManager.ToolChainLocation=
RCC.LSI_VALUE=32000
VP_SYS_VS_Systick.Signal=SYS_VS_Systick
ADC3.ClockPrescaler=ADC_CLOCK_SYNC_PCLK_DIV8
TIM2.TIM_MasterOutputTrigger=TIM_TRGO_UPDATE
ADC3.DMAContinuousRequests=ENABLE
RCC.APB2CLKDivider=RCC_HCLK_DIV2
RCC.APB1TimFreq_Value=80000000
Dma.ADC3.0.Instance=DMA2_Stream0
VP_TIM2_VS_ControllerModeReset.Signal=TIM2_VS_ControllerModeReset
NVIC.BusFault_IRQn=true\:0\:0\:false\:false\:true\:false\:false
PD6.Signal=USART2_RX
Dma.Request0=ADC3
PD5.Locked=true
TIM10.IPParameters=Prescaler,Period
PD15.Signal=GPIO_Output
ProjectManager.CustomerFirmwarePackage=
TIM10.Prescaler=15999
SH.COMP_DAC1_group.0=DAC_OUT1,DAC_OUT1
ProjectManager.ProjectFileName=robot.ioc
Mcu.PinsNb=25
ProjectManager.NoMain=false
PC11.Locked=true
VP_TIM2_VS_ControllerModeReset.Mode=Reset Mode
PC11.Signal=GPIO_Output
PC8.Signal=GPIO_Output
PD7.Signal=GPIO_Output
ProjectManager.DefaultFWLocation=true
PD5.Signal=USART2_TX
ProjectManager.DeletePrevious=true
RCC.APB1CLKDivider=RCC_HCLK_DIV4
PD6.Mode=Asynchronous
NVIC.USART2_IRQn=true\:3\:0\:true\:false\:true\:true\:true
SH.S_TIM2_CH1_ETR.ConfNb=3
RCC.FamilyName=M
PA0-WKUP.Signal=S_TIM2_CH1_ETR
PA13.Signal=SYS_JTMS-SWDIO
ProjectManager.TargetToolchain=STM32CubeIDE
PA9.Signal=GPIO_Output
PE4.Locked=true
ProjectManager.RegisterCallBack=
PD7.Locked=true
RCC.LSE_VALUE=32768
RCC.VCOI2SOutputFreq_Value=384000000
board=custom
RCC.VCOOutputFreq_Value=320000000
ProjectManager.LastFirmware=true
TIM10.Period=49999
RCC.APB2Freq_Value=80000000
SH.ADCx_IN11.0=ADC3_IN11,IN11
MxCube.Version=6.2.1
VP_TIM2_VS_ClockSourceINT.Mode=Internal
VP_SYS_VS_Systick.Mode=SysTick
RCC.EthernetFreq_Value=160000000
PH1-OSC_OUT.Signal=RCC_OSC_OUT
PA9.Locked=true
NVIC.NonMaskableInt_IRQn=true\:0\:0\:false\:false\:true\:false\:false
PE5.Locked=true
TIM2.Period=0
PA13.Mode=Serial_Wire
ProjectManager.FreePins=false
RCC.IPParameters=48MHZClocksFreq_Value,AHBFreq_Value,APB1CLKDivider,APB1Freq_Value,APB1TimFreq_Value,APB2CLKDivider,APB2Freq_Value,APB2TimFreq_Value,CortexFreq_Value,EthernetFreq_Value,FCLKCortexFreq_Value,FamilyName,HCLKFreq_Value,HSE_VALUE,HSI_VALUE,I2SClocksFreq_Value,LSE_VALUE,LSI_VALUE,MCO2PinFreq_Value,PLLCLKFreq_Value,PLLM,PLLN,PLLQCLKFreq_Value,RTCFreq_Value,RTCHSEDivFreq_Value,SYSCLKFreq_VALUE,SYSCLKSource,VCOI2SOutputFreq_Value,VCOInputFreq_Value,VCOOutputFreq_Value,VcooutputI2S
ProjectManager.AskForMigrate=true
Mcu.Name=STM32F407V(E-G)Tx
Dma.ADC3.0.PeriphDataAlignment=DMA_PDATAALIGN_HALFWORD
RCC.RTCHSEDivFreq_Value=12500000
Mcu.Pin24=VP_TIM10_VS_ClockSourceINT
ProjectManager.UnderRoot=true
Mcu.IP8=USART2
Mcu.IP6=TIM2
Mcu.IP7=TIM10
ProjectManager.CoupleFile=true
RCC.48MHZClocksFreq_Value=80000000
PA4.Signal=COMP_DAC1_group
RCC.SYSCLKFreq_VALUE=160000000
Mcu.Pin22=VP_TIM2_VS_ControllerModeReset
Mcu.Pin23=VP_TIM2_VS_ClockSourceINT
Mcu.Pin20=PD7
Mcu.Pin21=VP_SYS_VS_Systick
NVIC.ForceEnableDMAVector=true
KeepUserPlacement=false
NVIC.MemoryManagement_IRQn=true\:0\:0\:false\:false\:true\:false\:false
PE5.GPIO_Label=rec_left
ProjectManager.CompilerOptimize=6
PD15.Locked=true
SH.S_TIM2_CH1_ETR.2=TIM2_CH1,TriggerSource_TI1ED
SH.S_TIM2_CH1_ETR.1=TIM2_CH1,Input_Capture2_from_TI1
SH.S_TIM2_CH1_ETR.0=TIM2_CH1,Input_Capture1_from_TI1
PA14.Signal=SYS_JTCK-SWCLK
ProjectManager.HeapSize=0x200
Mcu.Pin15=PC10
NVIC.HardFault_IRQn=true\:0\:0\:false\:false\:true\:false\:false
Mcu.Pin16=PC11
Mcu.Pin13=PA13
Dma.ADC3.0.Mode=DMA_CIRCULAR
Mcu.Pin14=PA14
Mcu.Pin19=PD6
NVIC.TIM1_UP_TIM10_IRQn=true\:2\:0\:true\:false\:true\:true\:true
ProjectManager.ComputerToolchain=false
Mcu.Pin17=PD0
RCC.HSI_VALUE=16000000
Mcu.Pin18=PD5
Dma.ADC3.0.RequestParameters=Instance,Direction,PeriphInc,MemInc,PeriphDataAlignment,MemDataAlignment,Mode,Priority,FIFOMode
NVIC.PriorityGroup=NVIC_PRIORITYGROUP_4
Mcu.Pin11=PA8
Mcu.Pin12=PA9
RCC.PLLM=8
RCC.PLLN=160
Mcu.Pin10=PC9
TIM2.TIM_MasterSlaveMode=TIM_MASTERSLAVEMODE_ENABLE
PC8.Locked=true
PC9.Signal=GPIO_Output
RCC.APB1Freq_Value=40000000
ADC3.NbrOfConversionFlag=1
ProjectManager.DeviceId=STM32F407VGTx
PC1.Signal=ADCx_IN11
ProjectManager.LibraryCopy=1
isbadioc=false
